// !$*UTF8*$!
{
	archiveVersion = 1;
	classes = {
	};
	objectVersion = 46;
	objects = {
		CC47F4F3AABF3E4732F6E3E1 = {
			isa = PBXBuildFile;
			fileRef = B852665BB0E5113CB4D85361;
		};
		B27A159C5B8D7ED77B95C4D6 = {
			isa = PBXBuildFile;
			fileRef = 6808BBA76AB495F032CB6A16;
		};
		A5F0AFA213E59F8644A4D8A4 = {
			isa = PBXBuildFile;
			fileRef = 071369712E591E259CE38380;
		};
		3F96BA89A294A546C10CAFB9 = {
			isa = PBXBuildFile;
			fileRef = D5A40182268E518D1C8C01E9;
		};
		F4B585E6E8BC369B8219AC67 = {
			isa = PBXBuildFile;
			fileRef = A2964C7D2FC691A5D930FA82;
		};
		1686F6735D29E342BEBA2B4B = {
			isa = PBXBuildFile;
			fileRef = 2FE6D32FF4A5893314411657;
		};
		C2AB39AD1E7551B30B6BD20C = {
			isa = PBXBuildFile;
			fileRef = 498775EC7D5A9F7EA4C2AAC6;
		};
		4802BEA52CB6C7C9DFCB4A59 = {
			isa = PBXBuildFile;
			fileRef = FAA933DAF6D15FDF86FC8B80;
		};
		86C5BE36D6B26F0ECC74623F = {
			isa = PBXBuildFile;
			fileRef = C081B09843268EDAC2C6D3C5;
		};
		AA2AA5C29F027CDC5CEF1E69 = {
			isa = PBXBuildFile;
			fileRef = 6362661FA188D04A38D8DA36;
		};
		81C7CD5900977A680C7B06EF = {
			isa = PBXBuildFile;
			fileRef = BD45ADA027F67840D9A85B2E;
		};
		8B19423DCCCEFCAA1369B87B = {
			isa = PBXBuildFile;
			fileRef = C66B451EA7A0D3F515C120F6;
		};
		833C2E9339DE9855878B7E40 = {
			isa = PBXBuildFile;
			fileRef = 84E2E4E69855F71218068E0F;
		};
		CF7D1727B597058B612135EC = {
			isa = PBXBuildFile;
			fileRef = 47BFAD6D210C6304FB08F801;
		};
		29D715EF67F0F6739C9F7854 = {
			isa = PBXBuildFile;
			fileRef = F1D13F8A5260FD7436086B3E;
		};
		F2E21C409C91391FE641CB5A = {
			isa = PBXBuildFile;
			fileRef = EE3EA616C6116D33857213DE;
		};
		07DAA9B59BD01715B6222B26 = {
			isa = PBXBuildFile;
			fileRef = 17D27A9BE2F1B1C95B9108CD;
		};
		DFC3412AE8F37E894BF8A03E = {
			isa = PBXBuildFile;
			fileRef = 641079EBFBD937C692C11624;
		};
		7B2BF1A6A3F2DF50FE284FA1 = {
			isa = PBXBuildFile;
			fileRef = C81C8B0736DFFE5277662723;
		};
		D2230F15EBE05BAF9ACE2E69 = {
			isa = PBXBuildFile;
			fileRef = B9FD609CFFE7D1F329979299;
		};
		4C90A0A9BFAE69511C35BD08 = {
			isa = PBXBuildFile;
			fileRef = 2700739FF373AFBE0F7C1F54;
		};
		91B82F0FDE2C0594D510B69B = {
			isa = PBXBuildFile;
			fileRef = 9C4EC8A8D72324CB6F1FCB60;
		};
		0B722E0EB68003991E4F0053 = {
			isa = PBXBuildFile;
			fileRef = A944E7489E67365CF501704E;
		};
		26EF89380E664EAB2410D404 = {
			isa = PBXBuildFile;
			fileRef = FB5B3BD7FE92962A3F788E03;
		};
		979D0469944C1AD632574C73 = {
			isa = PBXBuildFile;
			fileRef = 1EEB207FD35DB87A11DA29AC;
		};
		0F81E34540D06B42AFB1739F = {
			isa = PBXBuildFile;
			fileRef = A151C18E046708309630CF06;
		};
		01EF9CA81D10D80D3B982747 = {
			isa = PBXBuildFile;
			fileRef = 58438A6E3793EC3A2BF376AA;
		};
		ECA493B680374939325AC816 = {
			isa = PBXBuildFile;
			fileRef = CB685A4A95D526E2C5674FC6;
		};
		071369712E591E259CE38380 = {
			isa = PBXFileReference;
			lastKnownFileType = wrapper.framework;
			name = AudioToolbox.framework;
			path = System/Library/Frameworks/AudioToolbox.framework;
			sourceTree = SDKROOT;
		};
		091497264535DB14128523A7 = {
			isa = PBXFileReference;
			lastKnownFileType = sourcecode.c.h;
			name = "variant_cast.hpp";
			path = "../../Source/mapbox/variant_cast.hpp";
			sourceTree = "SOURCE_ROOT";
		};
		15FE57AD0077C0C980DAA29F = {
			isa = PBXFileReference;
			lastKnownFileType = sourcecode.c.h;
			name = optional.hpp;
			path = ../../Source/mapbox/optional.hpp;
			sourceTree = "SOURCE_ROOT";
		};
		17D27A9BE2F1B1C95B9108CD = {
			isa = PBXFileReference;
			lastKnownFileType = sourcecode.cpp.objcpp;
			name = "include_juce_audio_basics.mm";
			path = "../../JuceLibraryCode/include_juce_audio_basics.mm";
			sourceTree = "SOURCE_ROOT";
		};
		1A40777E906D5A3BB1FFF855 = {
			isa = PBXFileReference;
			lastKnownFileType = file;
			name = "juce_gui_basics";
			path = "../../JuceLibraryCode/modules/juce_gui_basics";
			sourceTree = "SOURCE_ROOT";
		};
		1EEB207FD35DB87A11DA29AC = {
			isa = PBXFileReference;
			lastKnownFileType = sourcecode.cpp.objcpp;
			name = "include_juce_graphics.mm";
			path = "../../JuceLibraryCode/include_juce_graphics.mm";
			sourceTree = "SOURCE_ROOT";
		};
		2700739FF373AFBE0F7C1F54 = {
			isa = PBXFileReference;
			lastKnownFileType = sourcecode.cpp.objcpp;
			name = "include_juce_core.mm";
			path = "../../JuceLibraryCode/include_juce_core.mm";
			sourceTree = "SOURCE_ROOT";
		};
		2B3B31AF8D8622970396A672 = {
			isa = PBXFileReference;
			lastKnownFileType = file;
			name = "juce_audio_devices";
			path = "../../JuceLibraryCode/modules/juce_audio_devices";
			sourceTree = "SOURCE_ROOT";
		};
		2FE6D32FF4A5893314411657 = {
			isa = PBXFileReference;
			lastKnownFileType = wrapper.framework;
			name = CoreAudio.framework;
			path = System/Library/Frameworks/CoreAudio.framework;
			sourceTree = SDKROOT;
		};
		31B385BEB4C07D3258210FC3 = {
			isa = PBXFileReference;
			lastKnownFileType = sourcecode.c.h;
			name = "variant_io.hpp";
			path = "../../Source/mapbox/variant_io.hpp";
			sourceTree = "SOURCE_ROOT";
		};
		32A01990309183D3DDB81F6A = {
			isa = PBXFileReference;
			lastKnownFileType = sourcecode.c.h;
			name = Parser.h;
			path = ../../Source/Parser.h;
			sourceTree = "SOURCE_ROOT";
		};
		47BFAD6D210C6304FB08F801 = {
			isa = PBXFileReference;
			lastKnownFileType = sourcecode.cpp.cpp;
			name = Parser.cpp;
			path = ../../Source/Parser.cpp;
			sourceTree = "SOURCE_ROOT";
		};
		498775EC7D5A9F7EA4C2AAC6 = {
			isa = PBXFileReference;
			lastKnownFileType = wrapper.framework;
			name = CoreMIDI.framework;
			path = System/Library/Frameworks/CoreMIDI.framework;
			sourceTree = SDKROOT;
		};
		500ED21FDD49FD42E1BD8382 = {
			isa = PBXFileReference;
			lastKnownFileType = file;
			name = "juce_data_structures";
			path = "../../JuceLibraryCode/modules/juce_data_structures";
			sourceTree = "SOURCE_ROOT";
		};
		50319416EC005262A88242FA = {
			isa = PBXFileReference;
			lastKnownFileType = file;
			name = "juce_audio_processors";
			path = "../../JuceLibraryCode/modules/juce_audio_processors";
			sourceTree = "SOURCE_ROOT";
		};
		58438A6E3793EC3A2BF376AA = {
			isa = PBXFileReference;
			lastKnownFileType = sourcecode.cpp.objcpp;
			name = "include_juce_gui_extra.mm";
			path = "../../JuceLibraryCode/include_juce_gui_extra.mm";
			sourceTree = "SOURCE_ROOT";
		};
		6362661FA188D04A38D8DA36 = {
			isa = PBXFileReference;
			lastKnownFileType = wrapper.framework;
			name = QuartzCore.framework;
			path = System/Library/Frameworks/QuartzCore.framework;
			sourceTree = SDKROOT;
		};
		638FB7CA189310BB209E088C = {
			isa = PBXFileReference;
			lastKnownFileType = file;
			name = "juce_audio_formats";
			path = "../../JuceLibraryCode/modules/juce_audio_formats";
			sourceTree = "SOURCE_ROOT";
		};
		641079EBFBD937C692C11624 = {
			isa = PBXFileReference;
			lastKnownFileType = sourcecode.cpp.objcpp;
			name = "include_juce_audio_devices.mm";
			path = "../../JuceLibraryCode/include_juce_audio_devices.mm";
			sourceTree = "SOURCE_ROOT";
		};
		674EDE0E114CE7DC5A3B1E0E = {
			isa = PBXFileReference;
			lastKnownFileType = file;
			name = "juce_audio_basics";
			path = "../../JuceLibraryCode/modules/juce_audio_basics";
			sourceTree = "SOURCE_ROOT";
		};
		6808BBA76AB495F032CB6A16 = {
			isa = PBXFileReference;
			lastKnownFileType = wrapper.framework;
			name = Accelerate.framework;
			path = System/Library/Frameworks/Accelerate.framework;
			sourceTree = SDKROOT;
		};
		7FC5185B0D11D6BEECB1FFF8 = {
			isa = PBXFileReference;
			lastKnownFileType = sourcecode.c.h;
			name = variant.hpp;
			path = ../../Source/mapbox/variant.hpp;
			sourceTree = "SOURCE_ROOT";
		};
		84E2E4E69855F71218068E0F = {
			isa = PBXFileReference;
			lastKnownFileType = sourcecode.cpp.cpp;
			name = LogComponent.cpp;
			path = ../../Source/LogComponent.cpp;
			sourceTree = "SOURCE_ROOT";
		};
		925BEA576CF3D2D26C857996 = {
			isa = PBXFileReference;
			lastKnownFileType = file;
			name = "juce_graphics";
			path = "../../JuceLibraryCode/modules/juce_graphics";
			sourceTree = "SOURCE_ROOT";
		};
		9C4EC8A8D72324CB6F1FCB60 = {
			isa = PBXFileReference;
			lastKnownFileType = sourcecode.cpp.objcpp;
			name = "include_juce_cryptography.mm";
			path = "../../JuceLibraryCode/include_juce_cryptography.mm";
			sourceTree = "SOURCE_ROOT";
		};
		9E9E8D351EFA460CB28B5E04 = {
			isa = PBXFileReference;
			lastKnownFileType = sourcecode.c.h;
			name = JuceHeader.h;
			path = ../../JuceLibraryCode/JuceHeader.h;
			sourceTree = "SOURCE_ROOT";
		};
		A13754CC919453FCDE640760 = {
			isa = PBXFileReference;
			lastKnownFileType = text.plist.xml;
			name = "Info-App.plist";
			path = "Info-App.plist";
			sourceTree = "SOURCE_ROOT";
		};
		A151C18E046708309630CF06 = {
			isa = PBXFileReference;
			lastKnownFileType = sourcecode.cpp.objcpp;
			name = "include_juce_gui_basics.mm";
			path = "../../JuceLibraryCode/include_juce_gui_basics.mm";
			sourceTree = "SOURCE_ROOT";
		};
		A2964C7D2FC691A5D930FA82 = {
			isa = PBXFileReference;
			lastKnownFileType = wrapper.framework;
			name = Cocoa.framework;
			path = System/Library/Frameworks/Cocoa.framework;
			sourceTree = SDKROOT;
		};
		A5084A043A543275558F5C73 = {
			isa = PBXFileReference;
			lastKnownFileType = sourcecode.c.h;
			name = AppConfig.h;
			path = ../../JuceLibraryCode/AppConfig.h;
			sourceTree = "SOURCE_ROOT";
		};
		A5A741FED9403276A420E98D = {
			isa = PBXFileReference;
			lastKnownFileType = sourcecode.c.h;
			name = "recursive_wrapper.hpp";
			path = "../../Source/mapbox/recursive_wrapper.hpp";
			sourceTree = "SOURCE_ROOT";
		};
		A944E7489E67365CF501704E = {
			isa = PBXFileReference;
			lastKnownFileType = sourcecode.cpp.objcpp;
			name = "include_juce_data_structures.mm";
			path = "../../JuceLibraryCode/include_juce_data_structures.mm";
			sourceTree = "SOURCE_ROOT";
		};
		B3675C91ECF9CA3C37879389 = {
			isa = PBXFileReference;
			lastKnownFileType = file;
			name = "juce_core";
			path = "../../JuceLibraryCode/modules/juce_core";
			sourceTree = "SOURCE_ROOT";
		};
		B49266F9C7775BFF8DE9BB39 = {
			isa = PBXFileReference;
			lastKnownFileType = sourcecode.c.h;
			name = "variant_visitor.hpp";
			path = "../../Source/mapbox/variant_visitor.hpp";
			sourceTree = "SOURCE_ROOT";
		};
		B852665BB0E5113CB4D85361 = {
			isa = PBXFileReference;
			explicitFileType = wrapper.application;
			includeInIndex = 0;
			path = lc.app;
			sourceTree = "BUILT_PRODUCTS_DIR";
		};
		B9FD609CFFE7D1F329979299 = {
			isa = PBXFileReference;
			lastKnownFileType = sourcecode.cpp.objcpp;
			name = "include_juce_audio_processors.mm";
			path = "../../JuceLibraryCode/include_juce_audio_processors.mm";
			sourceTree = "SOURCE_ROOT";
		};
		BD45ADA027F67840D9A85B2E = {
			isa = PBXFileReference;
			lastKnownFileType = wrapper.framework;
			name = WebKit.framework;
			path = System/Library/Frameworks/WebKit.framework;
			sourceTree = SDKROOT;
		};
		C081B09843268EDAC2C6D3C5 = {
			isa = PBXFileReference;
			lastKnownFileType = wrapper.framework;
			name = OpenGL.framework;
			path = System/Library/Frameworks/OpenGL.framework;
			sourceTree = SDKROOT;
		};
		C5605A6A71AA24D8839CE169 = {
			isa = PBXFileReference;
			lastKnownFileType = file;
			name = "juce_gui_extra";
			path = "../../JuceLibraryCode/modules/juce_gui_extra";
			sourceTree = "SOURCE_ROOT";
		};
		C66B451EA7A0D3F515C120F6 = {
			isa = PBXFileReference;
			lastKnownFileType = file.nib;
			name = RecentFilesMenuTemplate.nib;
			path = RecentFilesMenuTemplate.nib;
			sourceTree = "SOURCE_ROOT";
		};
		C81C8B0736DFFE5277662723 = {
			isa = PBXFileReference;
			lastKnownFileType = sourcecode.cpp.objcpp;
			name = "include_juce_audio_formats.mm";
			path = "../../JuceLibraryCode/include_juce_audio_formats.mm";
			sourceTree = "SOURCE_ROOT";
		};
		C84A7B510086B499621E8537 = {
			isa = PBXFileReference;
			lastKnownFileType = sourcecode.c.h;
			name = LogComponent.h;
			path = ../../Source/LogComponent.h;
			sourceTree = "SOURCE_ROOT";
		};
		CB685A4A95D526E2C5674FC6 = {
			isa = PBXFileReference;
			lastKnownFileType = sourcecode.cpp.objcpp;
			name = "include_juce_opengl.mm";
			path = "../../JuceLibraryCode/include_juce_opengl.mm";
			sourceTree = "SOURCE_ROOT";
		};
		D00CE52414003D5A958ABC41 = {
			isa = PBXFileReference;
			lastKnownFileType = file;
			name = "juce_opengl";
			path = "../../JuceLibraryCode/modules/juce_opengl";
			sourceTree = "SOURCE_ROOT";
		};
		D078642301372DFADFD44932 = {
			isa = PBXFileReference;
			lastKnownFileType = file;
			name = "juce_cryptography";
			path = "../../JuceLibraryCode/modules/juce_cryptography";
			sourceTree = "SOURCE_ROOT";
		};
		D5A40182268E518D1C8C01E9 = {
			isa = PBXFileReference;
			lastKnownFileType = wrapper.framework;
			name = Carbon.framework;
			path = System/Library/Frameworks/Carbon.framework;
			sourceTree = SDKROOT;
		};
		EE3EA616C6116D33857213DE = {
			isa = PBXFileReference;
			lastKnownFileType = sourcecode.cpp.cpp;
			name = Main.cpp;
			path = ../../Source/Main.cpp;
			sourceTree = "SOURCE_ROOT";
		};
		F1D13F8A5260FD7436086B3E = {
			isa = PBXFileReference;
			lastKnownFileType = sourcecode.cpp.cpp;
			name = MainComponent.cpp;
			path = ../../Source/MainComponent.cpp;
			sourceTree = "SOURCE_ROOT";
		};
		F2AB622C89483FE06E96F971 = {
			isa = PBXFileReference;
			lastKnownFileType = sourcecode.c.h;
			name = MainComponent.h;
			path = ../../Source/MainComponent.h;
			sourceTree = "SOURCE_ROOT";
		};
		FAA933DAF6D15FDF86FC8B80 = {
			isa = PBXFileReference;
			lastKnownFileType = wrapper.framework;
			name = IOKit.framework;
			path = System/Library/Frameworks/IOKit.framework;
			sourceTree = SDKROOT;
		};
		FB5B3BD7FE92962A3F788E03 = {
			isa = PBXFileReference;
			lastKnownFileType = sourcecode.cpp.objcpp;
			name = "include_juce_events.mm";
			path = "../../JuceLibraryCode/include_juce_events.mm";
			sourceTree = "SOURCE_ROOT";
		};
		FD802434A1752AC9B2E0C0ED = {
			isa = PBXFileReference;
			lastKnownFileType = file;
			name = "juce_events";
			path = "../../JuceLibraryCode/modules/juce_events";
			sourceTree = "SOURCE_ROOT";
		};
		83F450BDE96D511162BE78BA = {
			isa = PBXGroup;
			children = (
				15FE57AD0077C0C980DAA29F,
				A5A741FED9403276A420E98D,
				7FC5185B0D11D6BEECB1FFF8,
				091497264535DB14128523A7,
				31B385BEB4C07D3258210FC3,
				B49266F9C7775BFF8DE9BB39,
			);
			name = mapbox;
			sourceTree = "<group>";
		};
		195FBEE19849D8944B8208A3 = {
			isa = PBXGroup;
			children = (
				84E2E4E69855F71218068E0F,
				C84A7B510086B499621E8537,
			);
			name = LogComponent;
			sourceTree = "<group>";
		};
		137B2963394F5BA6FED861D9 = {
			isa = PBXGroup;
			children = (
				47BFAD6D210C6304FB08F801,
				32A01990309183D3DDB81F6A,
			);
			name = Parser;
			sourceTree = "<group>";
		};
		9932C1885D1B3203DAAB7A8D = {
			isa = PBXGroup;
			children = (
				83F450BDE96D511162BE78BA,
				195FBEE19849D8944B8208A3,
				137B2963394F5BA6FED861D9,
				F2AB622C89483FE06E96F971,
				F1D13F8A5260FD7436086B3E,
				EE3EA616C6116D33857213DE,
			);
			name = Source;
			sourceTree = "<group>";
		};
		915FDE8BCA2C2DFAA29E5806 = {
			isa = PBXGroup;
			children = (
				9932C1885D1B3203DAAB7A8D,
			);
			name = lc;
			sourceTree = "<group>";
		};
		41DF37BA23D6CED7C159F7FA = {
			isa = PBXGroup;
			children = (
				674EDE0E114CE7DC5A3B1E0E,
				2B3B31AF8D8622970396A672,
				638FB7CA189310BB209E088C,
				50319416EC005262A88242FA,
				B3675C91ECF9CA3C37879389,
				D078642301372DFADFD44932,
				500ED21FDD49FD42E1BD8382,
				FD802434A1752AC9B2E0C0ED,
				925BEA576CF3D2D26C857996,
				1A40777E906D5A3BB1FFF855,
				C5605A6A71AA24D8839CE169,
				D00CE52414003D5A958ABC41,
			);
			name = "JUCE Modules";
			sourceTree = "<group>";
		};
		081345D7F671D0E551F116D2 = {
			isa = PBXGroup;
			children = (
				A5084A043A543275558F5C73,
				17D27A9BE2F1B1C95B9108CD,
				641079EBFBD937C692C11624,
				C81C8B0736DFFE5277662723,
				B9FD609CFFE7D1F329979299,
				2700739FF373AFBE0F7C1F54,
				9C4EC8A8D72324CB6F1FCB60,
				A944E7489E67365CF501704E,
				FB5B3BD7FE92962A3F788E03,
				1EEB207FD35DB87A11DA29AC,
				A151C18E046708309630CF06,
				58438A6E3793EC3A2BF376AA,
				CB685A4A95D526E2C5674FC6,
				9E9E8D351EFA460CB28B5E04,
			);
			name = "JUCE Library Code";
			sourceTree = "<group>";
		};
		AEBCB5D313C5AF58E4A95508 = {
			isa = PBXGroup;
			children = (
				A13754CC919453FCDE640760,
				C66B451EA7A0D3F515C120F6,
			);
			name = Resources;
			sourceTree = "<group>";
		};
		7140CA68086A809302CF16BB = {
			isa = PBXGroup;
			children = (
				6808BBA76AB495F032CB6A16,
				071369712E591E259CE38380,
				D5A40182268E518D1C8C01E9,
				A2964C7D2FC691A5D930FA82,
				2FE6D32FF4A5893314411657,
				498775EC7D5A9F7EA4C2AAC6,
				FAA933DAF6D15FDF86FC8B80,
				C081B09843268EDAC2C6D3C5,
				6362661FA188D04A38D8DA36,
				BD45ADA027F67840D9A85B2E,
			);
			name = Frameworks;
			sourceTree = "<group>";
		};
		685D1A52459D6B4A98FDD90F = {
			isa = PBXGroup;
			children = (
				B852665BB0E5113CB4D85361,
			);
			name = Products;
			sourceTree = "<group>";
		};
		23838A2A9CF909BF5EDACFB0 = {
			isa = PBXGroup;
			children = (
				915FDE8BCA2C2DFAA29E5806,
				41DF37BA23D6CED7C159F7FA,
				081345D7F671D0E551F116D2,
				AEBCB5D313C5AF58E4A95508,
				7140CA68086A809302CF16BB,
				685D1A52459D6B4A98FDD90F,
			);
			name = Source;
			sourceTree = "<group>";
		};
		8FB5FC4A3E1DC26F2A992089 = {
			isa = XCBuildConfiguration;
			buildSettings = {
				CLANG_CXX_LANGUAGE_STANDARD = "c++14";
				CLANG_CXX_LIBRARY = "libc++";
				CLANG_LINK_OBJC_RUNTIME = NO;
				COMBINE_HIDPI_IMAGES = YES;
				CONFIGURATION_BUILD_DIR = "$(PROJECT_DIR)/build/$(CONFIGURATION)";
				COPY_PHASE_STRIP = NO;
				GCC_DYNAMIC_NO_PIC = NO;
				GCC_OPTIMIZATION_LEVEL = 0;
				GCC_PREPROCESSOR_DEFINITIONS = (
					"_DEBUG=1",
					"DEBUG=1",
					"JUCER_XCODE_MAC_F6D2F4CF=1",
					"JUCE_APP_VERSION=1.0.0",
					"JUCE_APP_VERSION_HEX=0x10000",
					"JucePlugin_Build_VST=0",
					"JucePlugin_Build_VST3=0",
					"JucePlugin_Build_AU=0",
					"JucePlugin_Build_AUv3=0",
					"JucePlugin_Build_RTAS=0",
					"JucePlugin_Build_AAX=0",
					"JucePlugin_Build_Standalone=0",
					"JucePlugin_Build_Unity=0",
				);
				GCC_VERSION = com.apple.compilers.llvm.clang.1_0;
				HEADER_SEARCH_PATHS = (
					"../../JuceLibraryCode",
					"../../JuceLibraryCode/modules",
					"$(inherited)",
				);
				INFOPLIST_FILE = Info-App.plist;
				INFOPLIST_PREPROCESS = NO;
				INSTALL_PATH = "$(HOME)/Applications";
				MACOSX_DEPLOYMENT_TARGET = 10.11;
				OTHER_CPLUSPLUSFLAGS = "-I../../source";
				PRODUCT_BUNDLE_IDENTIFIER = com.yourcompany.lc;
				PRODUCT_NAME = "lc";
				USE_HEADERMAP = NO;
			};
			name = Debug;
		};
		5A18EC6F0CAAF178C1744503 = {
			isa = XCBuildConfiguration;
			buildSettings = {
				CLANG_CXX_LANGUAGE_STANDARD = "c++14";
				CLANG_CXX_LIBRARY = "libc++";
				CLANG_LINK_OBJC_RUNTIME = NO;
				COMBINE_HIDPI_IMAGES = YES;
				CONFIGURATION_BUILD_DIR = "$(PROJECT_DIR)/build/$(CONFIGURATION)";
				DEAD_CODE_STRIPPING = YES;
				GCC_GENERATE_DEBUGGING_SYMBOLS = NO;
				GCC_OPTIMIZATION_LEVEL = 3;
				GCC_PREPROCESSOR_DEFINITIONS = (
					"_NDEBUG=1",
					"NDEBUG=1",
					"JUCER_XCODE_MAC_F6D2F4CF=1",
					"JUCE_APP_VERSION=1.0.0",
					"JUCE_APP_VERSION_HEX=0x10000",
					"JucePlugin_Build_VST=0",
					"JucePlugin_Build_VST3=0",
					"JucePlugin_Build_AU=0",
					"JucePlugin_Build_AUv3=0",
					"JucePlugin_Build_RTAS=0",
					"JucePlugin_Build_AAX=0",
					"JucePlugin_Build_Standalone=0",
					"JucePlugin_Build_Unity=0",
				);
				GCC_SYMBOLS_PRIVATE_EXTERN = YES;
				GCC_VERSION = com.apple.compilers.llvm.clang.1_0;
				HEADER_SEARCH_PATHS = (
					"../../JuceLibraryCode",
					"../../JuceLibraryCode/modules",
					"$(inherited)",
				);
				INFOPLIST_FILE = Info-App.plist;
				INFOPLIST_PREPROCESS = NO;
				INSTALL_PATH = "$(HOME)/Applications";
				LLVM_LTO = YES;
				MACOSX_DEPLOYMENT_TARGET = 10.11;
				OTHER_CPLUSPLUSFLAGS = "-I../../source";
				PRODUCT_BUNDLE_IDENTIFIER = com.yourcompany.lc;
				PRODUCT_NAME = "lc";
				USE_HEADERMAP = NO;
			};
			name = Release;
		};
		E6A0DB1595C873E45C538A1F = {
			isa = XCBuildConfiguration;
			buildSettings = {
				ALWAYS_SEARCH_USER_PATHS = NO;
				CLANG_ENABLE_OBJC_WEAK = YES;
				CLANG_WARN_BLOCK_CAPTURE_AUTORELEASING = YES;
				CLANG_WARN_BOOL_CONVERSION = YES;
				CLANG_WARN_COMMA = YES;
				CLANG_WARN_CONSTANT_CONVERSION = YES;
				CLANG_WARN_DEPRECATED_OBJC_IMPLEMENTATIONS = YES;
				CLANG_WARN_EMPTY_BODY = YES;
				CLANG_WARN_ENUM_CONVERSION = YES;
				CLANG_WARN_INFINITE_RECURSION = YES;
				CLANG_WARN_INT_CONVERSION = YES;
				CLANG_WARN_NON_LITERAL_NULL_CONVERSION = YES;
				CLANG_WARN_OBJC_IMPLICIT_RETAIN_SELF = YES;
				CLANG_WARN_OBJC_LITERAL_CONVERSION = YES;
				CLANG_WARN_RANGE_LOOP_ANALYSIS = YES;
				CLANG_WARN_STRICT_PROTOTYPES = YES;
				CLANG_WARN_SUSPICIOUS_MOVE = YES;
				CLANG_WARN_UNREACHABLE_CODE = YES;
				CLANG_WARN__DUPLICATE_METHOD_MATCH = YES;
				DEBUG_INFORMATION_FORMAT = dwarf;
				ENABLE_STRICT_OBJC_MSGSEND = YES;
				ENABLE_TESTABILITY = YES;
				GCC_C_LANGUAGE_STANDARD = c11;
				GCC_INLINES_ARE_PRIVATE_EXTERN = YES;
				GCC_MODEL_TUNING = G5;
				GCC_NO_COMMON_BLOCKS = YES;
				GCC_WARN_64_TO_32_BIT_CONVERSION = YES;
				GCC_WARN_ABOUT_RETURN_TYPE = YES;
				GCC_WARN_CHECK_SWITCH_STATEMENTS = YES;
				GCC_WARN_MISSING_PARENTHESES = YES;
				GCC_WARN_NON_VIRTUAL_DESTRUCTOR = YES;
				GCC_WARN_TYPECHECK_CALLS_TO_PRINTF = YES;
				GCC_WARN_UNDECLARED_SELECTOR = YES;
				GCC_WARN_UNINITIALIZED_AUTOS = YES;
				GCC_WARN_UNUSED_FUNCTION = YES;
				GCC_WARN_UNUSED_VARIABLE = YES;
				ONLY_ACTIVE_ARCH = YES;
				PRODUCT_NAME = "lc";
				WARNING_CFLAGS = "-Wreorder";
				ZERO_LINK = NO;
			};
			name = Debug;
		};
		79CA56D4FED05E8B609521E0 = {
			isa = XCBuildConfiguration;
			buildSettings = {
				ALWAYS_SEARCH_USER_PATHS = NO;
				CLANG_ENABLE_OBJC_WEAK = YES;
				CLANG_WARN_BLOCK_CAPTURE_AUTORELEASING = YES;
				CLANG_WARN_BOOL_CONVERSION = YES;
				CLANG_WARN_COMMA = YES;
				CLANG_WARN_CONSTANT_CONVERSION = YES;
				CLANG_WARN_DEPRECATED_OBJC_IMPLEMENTATIONS = YES;
				CLANG_WARN_EMPTY_BODY = YES;
				CLANG_WARN_ENUM_CONVERSION = YES;
				CLANG_WARN_INFINITE_RECURSION = YES;
				CLANG_WARN_INT_CONVERSION = YES;
				CLANG_WARN_NON_LITERAL_NULL_CONVERSION = YES;
				CLANG_WARN_OBJC_IMPLICIT_RETAIN_SELF = YES;
				CLANG_WARN_OBJC_LITERAL_CONVERSION = YES;
				CLANG_WARN_RANGE_LOOP_ANALYSIS = YES;
				CLANG_WARN_STRICT_PROTOTYPES = YES;
				CLANG_WARN_SUSPICIOUS_MOVE = YES;
				CLANG_WARN_UNREACHABLE_CODE = YES;
				CLANG_WARN__DUPLICATE_METHOD_MATCH = YES;
				DEBUG_INFORMATION_FORMAT = dwarf;
				ENABLE_STRICT_OBJC_MSGSEND = YES;
				GCC_C_LANGUAGE_STANDARD = c11;
				GCC_INLINES_ARE_PRIVATE_EXTERN = YES;
				GCC_MODEL_TUNING = G5;
				GCC_NO_COMMON_BLOCKS = YES;
				GCC_WARN_64_TO_32_BIT_CONVERSION = YES;
				GCC_WARN_ABOUT_RETURN_TYPE = YES;
				GCC_WARN_CHECK_SWITCH_STATEMENTS = YES;
				GCC_WARN_MISSING_PARENTHESES = YES;
				GCC_WARN_NON_VIRTUAL_DESTRUCTOR = YES;
				GCC_WARN_TYPECHECK_CALLS_TO_PRINTF = YES;
				GCC_WARN_UNDECLARED_SELECTOR = YES;
				GCC_WARN_UNINITIALIZED_AUTOS = YES;
				GCC_WARN_UNUSED_FUNCTION = YES;
				GCC_WARN_UNUSED_VARIABLE = YES;
				PRODUCT_NAME = "lc";
				WARNING_CFLAGS = "-Wreorder";
				ZERO_LINK = NO;
			};
			name = Release;
		};
		BA7316FA826A408CDCD0D9EF = {
			isa = PBXTargetDependency;
			target = FB2FE13041BC0E141A50920C;
		};
		F6743B8CE3C497373C41B75A = {
			isa = XCConfigurationList;
			buildConfigurations = (
				E6A0DB1595C873E45C538A1F,
				79CA56D4FED05E8B609521E0,
			);
			defaultConfigurationIsVisible = 0;
			defaultConfigurationName = Debug;
		};
		23B6E6A6C3BBBF5C9EE2A27D = {
			isa = XCConfigurationList;
			buildConfigurations = (
				8FB5FC4A3E1DC26F2A992089,
				5A18EC6F0CAAF178C1744503,
			);
			defaultConfigurationIsVisible = 0;
			defaultConfigurationName = Debug;
		};
		4137806D35BD1466AE42A396 = {
			isa = PBXResourcesBuildPhase;
			buildActionMask = 2147483647;
			files = (
				8B19423DCCCEFCAA1369B87B,
			);
			runOnlyForDeploymentPostprocessing = 0;
		};
		DA58B0429FD21092CA2B5B06 = {
			isa = PBXSourcesBuildPhase;
			buildActionMask = 2147483647;
			files = (
				833C2E9339DE9855878B7E40,
				CF7D1727B597058B612135EC,
				29D715EF67F0F6739C9F7854,
				F2E21C409C91391FE641CB5A,
				07DAA9B59BD01715B6222B26,
				DFC3412AE8F37E894BF8A03E,
				7B2BF1A6A3F2DF50FE284FA1,
				D2230F15EBE05BAF9ACE2E69,
				4C90A0A9BFAE69511C35BD08,
				91B82F0FDE2C0594D510B69B,
				0B722E0EB68003991E4F0053,
				26EF89380E664EAB2410D404,
				979D0469944C1AD632574C73,
				0F81E34540D06B42AFB1739F,
				01EF9CA81D10D80D3B982747,
				ECA493B680374939325AC816,
			);
			runOnlyForDeploymentPostprocessing = 0;
		};
		3358B4E2B719192EC415A33A = {
			isa = PBXFrameworksBuildPhase;
			buildActionMask = 2147483647;
			files = (
				B27A159C5B8D7ED77B95C4D6,
				A5F0AFA213E59F8644A4D8A4,
				3F96BA89A294A546C10CAFB9,
				F4B585E6E8BC369B8219AC67,
				1686F6735D29E342BEBA2B4B,
				C2AB39AD1E7551B30B6BD20C,
				4802BEA52CB6C7C9DFCB4A59,
				86C5BE36D6B26F0ECC74623F,
				AA2AA5C29F027CDC5CEF1E69,
				81C7CD5900977A680C7B06EF,
			);
			runOnlyForDeploymentPostprocessing = 0;
		};
		FB2FE13041BC0E141A50920C = {
			isa = PBXNativeTarget;
			buildConfigurationList = 23B6E6A6C3BBBF5C9EE2A27D;
			buildPhases = (
				4137806D35BD1466AE42A396,
				DA58B0429FD21092CA2B5B06,
				3358B4E2B719192EC415A33A,
			);
			buildRules = ( );
			dependencies = ( );
			name = "lc - App";
			productName = lc;
			productReference = B852665BB0E5113CB4D85361;
			productType = "com.apple.product-type.application";
		};
		11329764B3ADDE8CFF942D2A = {
			isa = PBXProject;
			buildConfigurationList = F6743B8CE3C497373C41B75A;
			attributes = { LastUpgradeCheck = 1010; ORGANIZATIONNAME = ""; TargetAttributes = { FB2FE13041BC0E141A50920C = { SystemCapabilities = {com.apple.ApplicationGroups.iOS = { enabled = 0; }; com.apple.InAppPurchase = { enabled = 0; }; com.apple.InterAppAudio = { enabled = 0; }; com.apple.Push = { enabled = 0; }; com.apple.Sandbox = { enabled = 0; }; com.apple.HardenedRuntime = { enabled = 0; }; }; }; }; };
			compatibilityVersion = "Xcode 3.2";
			hasScannedForEncodings = 0;
			mainGroup = 23838A2A9CF909BF5EDACFB0;
			projectDirPath = "";
			projectRoot = "";
			targets = (FB2FE13041BC0E141A50920C);
			knownRegions = (en, Base);
		};
	};
	rootObject = 11329764B3ADDE8CFF942D2A;
}
